// !$*UTF8*$!
{
	archiveVersion = 1;
	classes = {
	};
	objectVersion = 50;
	objects = {

/* Begin PBXBuildFile section */
		32816434213674D400E28732 /* AppDelegate.swift in Sources */ = {isa = PBXBuildFile; fileRef = 32816433213674D400E28732 /* AppDelegate.swift */; };
		32816436213674D400E28732 /* MasterViewController.swift in Sources */ = {isa = PBXBuildFile; fileRef = 32816435213674D400E28732 /* MasterViewController.swift */; };
		32816438213674D400E28732 /* ImagePresentationVC.swift in Sources */ = {isa = PBXBuildFile; fileRef = 32816437213674D400E28732 /* ImagePresentationVC.swift */; };
		3281643B213674D400E28732 /* Main.storyboard in Resources */ = {isa = PBXBuildFile; fileRef = 32816439213674D400E28732 /* Main.storyboard */; };
		3281643D213674D500E28732 /* Assets.xcassets in Resources */ = {isa = PBXBuildFile; fileRef = 3281643C213674D500E28732 /* Assets.xcassets */; };
		32816440213674D500E28732 /* LaunchScreen.storyboard in Resources */ = {isa = PBXBuildFile; fileRef = 3281643E213674D500E28732 /* LaunchScreen.storyboard */; };
		328164482136778500E28732 /* Images+Names+Colors.swift in Sources */ = {isa = PBXBuildFile; fileRef = 328164472136778500E28732 /* Images+Names+Colors.swift */; };
/* End PBXBuildFile section */

/* Begin PBXFileReference section */
		32816430213674D400E28732 /* Splits.app */ = {isa = PBXFileReference; explicitFileType = wrapper.application; includeInIndex = 0; path = Splits.app; sourceTree = BUILT_PRODUCTS_DIR; };
		32816433213674D400E28732 /* AppDelegate.swift */ = {isa = PBXFileReference; lastKnownFileType = sourcecode.swift; path = AppDelegate.swift; sourceTree = "<group>"; };
		32816435213674D400E28732 /* MasterViewController.swift */ = {isa = PBXFileReference; lastKnownFileType = sourcecode.swift; path = MasterViewController.swift; sourceTree = "<group>"; };
		32816437213674D400E28732 /* ImagePresentationVC.swift */ = {isa = PBXFileReference; lastKnownFileType = sourcecode.swift; path = ImagePresentationVC.swift; sourceTree = "<group>"; };
		3281643A213674D400E28732 /* Base */ = {isa = PBXFileReference; lastKnownFileType = file.storyboard; name = Base; path = Base.lproj/Main.storyboard; sourceTree = "<group>"; };
		3281643C213674D500E28732 /* Assets.xcassets */ = {isa = PBXFileReference; lastKnownFileType = folder.assetcatalog; path = Assets.xcassets; sourceTree = "<group>"; };
		3281643F213674D500E28732 /* Base */ = {isa = PBXFileReference; lastKnownFileType = file.storyboard; name = Base; path = Base.lproj/LaunchScreen.storyboard; sourceTree = "<group>"; };
		32816441213674D500E28732 /* Info.plist */ = {isa = PBXFileReference; lastKnownFileType = text.plist.xml; path = Info.plist; sourceTree = "<group>"; };
		328164472136778500E28732 /* Images+Names+Colors.swift */ = {isa = PBXFileReference; lastKnownFileType = sourcecode.swift; path = "Images+Names+Colors.swift"; sourceTree = "<group>"; };
/* End PBXFileReference section */

/* Begin PBXFrameworksBuildPhase section */
		3281642D213674D400E28732 /* Frameworks */ = {
			isa = PBXFrameworksBuildPhase;
			buildActionMask = 2147483647;
			files = (
			);
			runOnlyForDeploymentPostprocessing = 0;
		};
/* End PBXFrameworksBuildPhase section */

/* Begin PBXGroup section */
		32816427213674D400E28732 = {
			isa = PBXGroup;
			children = (
				32816432213674D400E28732 /* Splits */,
				32816431213674D400E28732 /* Products */,
			);
			sourceTree = "<group>";
		};
		32816431213674D400E28732 /* Products */ = {
			isa = PBXGroup;
			children = (
				32816430213674D400E28732 /* Splits.app */,
			);
			name = Products;
			sourceTree = "<group>";
		};
		32816432213674D400E28732 /* Splits */ = {
			isa = PBXGroup;
			children = (
				32816433213674D400E28732 /* AppDelegate.swift */,
				32816435213674D400E28732 /* MasterViewController.swift */,
				32816437213674D400E28732 /* ImagePresentationVC.swift */,
				32816439213674D400E28732 /* Main.storyboard */,
				3281643C213674D500E28732 /* Assets.xcassets */,
				3281643E213674D500E28732 /* LaunchScreen.storyboard */,
				32816441213674D500E28732 /* Info.plist */,
				328164472136778500E28732 /* Images+Names+Colors.swift */,
			);
			path = Splits;
			sourceTree = "<group>";
		};
/* End PBXGroup section */

/* Begin PBXNativeTarget section */
		3281642F213674D400E28732 /* Splits */ = {
			isa = PBXNativeTarget;
			buildConfigurationList = 32816444213674D500E28732 /* Build configuration list for PBXNativeTarget "Splits" */;
			buildPhases = (
				3281642C213674D400E28732 /* Sources */,
				3281642D213674D400E28732 /* Frameworks */,
				3281642E213674D400E28732 /* Resources */,
			);
			buildRules = (
			);
			dependencies = (
			);
			name = Splits;
			productName = Splits;
			productReference = 32816430213674D400E28732 /* Splits.app */;
			productType = "com.apple.product-type.application";
		};
/* End PBXNativeTarget section */

/* Begin PBXProject section */
		32816428213674D400E28732 /* Project object */ = {
			isa = PBXProject;
			attributes = {
				LastSwiftUpdateCheck = 0940;
				LastUpgradeCheck = 0940;
				ORGANIZATIONNAME = adryan;
				TargetAttributes = {
					3281642F213674D400E28732 = {
						CreatedOnToolsVersion = 9.4.1;
					};
				};
			};
			buildConfigurationList = 3281642B213674D400E28732 /* Build configuration list for PBXProject "Splits" */;
			compatibilityVersion = "Xcode 9.3";
			developmentRegion = en;
			hasScannedForEncodings = 0;
			knownRegions = (
				en,
				Base,
			);
			mainGroup = 32816427213674D400E28732;
			productRefGroup = 32816431213674D400E28732 /* Products */;
			projectDirPath = "";
			projectRoot = "";
			targets = (
				3281642F213674D400E28732 /* Splits */,
			);
		};
/* End PBXProject section */

/* Begin PBXResourcesBuildPhase section */
		3281642E213674D400E28732 /* Resources */ = {
			isa = PBXResourcesBuildPhase;
			buildActionMask = 2147483647;
			files = (
				32816440213674D500E28732 /* LaunchScreen.storyboard in Resources */,
				3281643D213674D500E28732 /* Assets.xcassets in Resources */,
				3281643B213674D400E28732 /* Main.storyboard in Resources */,
			);
			runOnlyForDeploymentPostprocessing = 0;
		};
/* End PBXResourcesBuildPhase section */

/* Begin PBXSourcesBuildPhase section */
		3281642C213674D400E28732 /* Sources */ = {
			isa = PBXSourcesBuildPhase;
			buildActionMask = 2147483647;
			files = (
				32816438213674D400E28732 /* ImagePresentationVC.swift in Sources */,
				32816436213674D400E28732 /* MasterViewController.swift in Sources */,
				328164482136778500E28732 /* Images+Names+Colors.swift in Sources */,
				32816434213674D400E28732 /* AppDelegate.swift in Sources */,
			);
			runOnlyForDeploymentPostprocessing = 0;
		};
/* End PBXSourcesBuildPhase section */

/* Begin PBXVariantGroup section */
		32816439213674D400E28732 /* Main.storyboard */ = {
			isa = PBXVariantGroup;
			children = (
				3281643A213674D400E28732 /* Base */,
			);
			name = Main.storyboard;
			sourceTree = "<group>";
		};
		3281643E213674D500E28732 /* LaunchScreen.storyboard */ = {
			isa = PBXVariantGroup;
			children = (
				3281643F213674D500E28732 /* Base */,
			);
			name = LaunchScreen.storyboard;
			sourceTree = "<group>";
		};
/* End PBXVariantGroup section */

/* Begin XCBuildConfiguration section */
		32816442213674D500E28732 /* Debug */ = {
			isa = XCBuildConfiguration;
			buildSettings = {
				ALWAYS_SEARCH_USER_PATHS = NO;
				CLANG_ANALYZER_NONNULL = YES;
				CLANG_ANALYZER_NUMBER_OBJECT_CONVERSION = YES_AGGRESSIVE;
				CLANG_CXX_LANGUAGE_STANDARD = "gnu++14";
				CLANG_CXX_LIBRARY = "libc++";
				CLANG_ENABLE_MODULES = YES;
				CLANG_ENABLE_OBJC_ARC = YES;
				CLANG_ENABLE_OBJC_WEAK = YES;
				CLANG_WARN_BLOCK_CAPTURE_AUTORELEASING = YES;
				CLANG_WARN_BOOL_CONVERSION = YES;
				CLANG_WARN_COMMA = YES;
				CLANG_WARN_CONSTANT_CONVERSION = YES;
				CLANG_WARN_DEPRECATED_OBJC_IMPLEMENTATIONS = YES;
				CLANG_WARN_DIRECT_OBJC_ISA_USAGE = YES_ERROR;
				CLANG_WARN_DOCUMENTATION_COMMENTS = YES;
				CLANG_WARN_EMPTY_BODY = YES;
				CLANG_WARN_ENUM_CONVERSION = YES;
				CLANG_WARN_INFINITE_RECURSION = YES;
				CLANG_WARN_INT_CONVERSION = YES;
				CLANG_WARN_NON_LITERAL_NULL_CONVERSION = YES;
				CLANG_WARN_OBJC_IMPLICIT_RETAIN_SELF = YES;
				CLANG_WARN_OBJC_LITERAL_CONVERSION = YES;
				CLANG_WARN_OBJC_ROOT_CLASS = YES_ERROR;
				CLANG_WARN_RANGE_LOOP_ANALYSIS = YES;
				CLANG_WARN_STRICT_PROTOTYPES = YES;
				CLANG_WARN_SUSPICIOUS_MOVE = YES;
				CLANG_WARN_UNGUARDED_AVAILABILITY = YES_AGGRESSIVE;
				CLANG_WARN_UNREACHABLE_CODE = YES;
				CLANG_WARN__DUPLICATE_METHOD_MATCH = YES;
				CODE_SIGN_IDENTITY = "iPhone Developer";
				COPY_PHASE_STRIP = NO;
				DEBUG_INFORMATION_FORMAT = dwarf;
				ENABLE_STRICT_OBJC_MSGSEND = YES;
				ENABLE_TESTABILITY = YES;
				GCC_C_LANGUAGE_STANDARD = gnu11;
				GCC_DYNAMIC_NO_PIC = NO;
				GCC_NO_COMMON_BLOCKS = YES;
				GCC_OPTIMIZATION_LEVEL = 0;
				GCC_PREPROCESSOR_DEFINITIONS = (
					"DEBUG=1",
					"$(inherited)",
				);
				GCC_WARN_64_TO_32_BIT_CONVERSION = YES;
				GCC_WARN_ABOUT_RETURN_TYPE = YES_ERROR;
				GCC_WARN_UNDECLARED_SELECTOR = YES;
				GCC_WARN_UNINITIALIZED_AUTOS = YES_AGGRESSIVE;
				GCC_WARN_UNUSED_FUNCTION = YES;
				GCC_WARN_UNUSED_VARIABLE = YES;
				IPHONEOS_DEPLOYMENT_TARGET = 11.4;
				MTL_ENABLE_DEBUG_INFO = YES;
				ONLY_ACTIVE_ARCH = YES;
				SDKROOT = iphoneos;
				SWIFT_ACTIVE_COMPILATION_CONDITIONS = DEBUG;
				SWIFT_OPTIMIZATION_LEVEL = "-Onone";
			};
			name = Debug;
		};
		32816443213674D500E28732 /* Release */ = {
			isa = XCBuildConfiguration;
			buildSettings = {
				ALWAYS_SEARCH_USER_PATHS = NO;
				CLANG_ANALYZER_NONNULL = YES;
				CLANG_ANALYZER_NUMBER_OBJECT_CONVERSION = YES_AGGRESSIVE;
				CLANG_CXX_LANGUAGE_STANDARD = "gnu++14";
				CLANG_CXX_LIBRARY = "libc++";
				CLANG_ENABLE_MODULES = YES;
				CLANG_ENABLE_OBJC_ARC = YES;
				CLANG_ENABLE_OBJC_WEAK = YES;
				CLANG_WARN_BLOCK_CAPTURE_AUTORELEASING = YES;
				CLANG_WARN_BOOL_CONVERSION = YES;
				CLANG_WARN_COMMA = YES;
				CLANG_WARN_CONSTANT_CONVERSION = YES;
				CLANG_WARN_DEPRECATED_OBJC_IMPLEMENTATIONS = YES;
				CLANG_WARN_DIRECT_OBJC_ISA_USAGE = YES_ERROR;
				CLANG_WARN_DOCUMENTATION_COMMENTS = YES;
				CLANG_WARN_EMPTY_BODY = YES;
				CLANG_WARN_ENUM_CONVERSION = YES;
				CLANG_WARN_INFINITE_RECURSION = YES;
				CLANG_WARN_INT_CONVERSION = YES;
				CLANG_WARN_NON_LITERAL_NULL_CONVERSION = YES;
				CLANG_WARN_OBJC_IMPLICIT_RETAIN_SELF = YES;
				CLANG_WARN_OBJC_LITERAL_CONVERSION = YES;
				CLANG_WARN_OBJC_ROOT_CLASS = YES_ERROR;
				CLANG_WARN_RANGE_LOOP_ANALYSIS = YES;
				CLANG_WARN_STRICT_PROTOTYPES = YES;
				CLANG_WARN_SUSPICIOUS_MOVE = YES;
				CLANG_WARN_UNGUARDED_AVAILABILITY = YES_AGGRESSIVE;
				CLANG_WARN_UNREACHABLE_CODE = YES;
				CLANG_WARN__DUPLICATE_METHOD_MATCH = YES;
				CODE_SIGN_IDENTITY = "iPhone Developer";
				COPY_PHASE_STRIP = NO;
				DEBUG_INFORMATION_FORMAT = "dwarf-with-dsym";
				ENABLE_NS_ASSERTIONS = NO;
				ENABLE_STRICT_OBJC_MSGSEND = YES;
				GCC_C_LANGUAGE_STANDARD = gnu11;
				GCC_NO_COMMON_BLOCKS = YES;
				GCC_WARN_64_TO_32_BIT_CONVERSION = YES;
				GCC_WARN_ABOUT_RETURN_TYPE = YES_ERROR;
				GCC_WARN_UNDECLARED_SELECTOR = YES;
				GCC_WARN_UNINITIALIZED_AUTOS = YES_AGGRESSIVE;
				GCC_WARN_UNUSED_FUNCTION = YES;
				GCC_WARN_UNUSED_VARIABLE = YES;
				IPHONEOS_DEPLOYMENT_TARGET = 11.4;
				MTL_ENABLE_DEBUG_INFO = NO;
				SDKROOT = iphoneos;
				SWIFT_COMPILATION_MODE = wholemodule;
				SWIFT_OPTIMIZATION_LEVEL = "-O";
				VALIDATE_PRODUCT = YES;
			};
			name = Release;
		};
		32816445213674D500E28732 /* Debug */ = {
			isa = XCBuildConfiguration;
			buildSettings = {
				ASSETCATALOG_COMPILER_APPICON_NAME = AppIcon;
				CODE_SIGN_STYLE = Automatic;
				INFOPLIST_FILE = Splits/Info.plist;
				LD_RUNPATH_SEARCH_PATHS = (
					"$(inherited)",
					"@executable_path/Frameworks",
				);
				PRODUCT_BUNDLE_IDENTIFIER = com.ipi.Splits;
				PRODUCT_NAME = "$(TARGET_NAME)";
				SWIFT_VERSION = 4.0;
				TARGETED_DEVICE_FAMILY = "1,2";
			};
			name = Debug;
		};
		32816446213674D500E28732 /* Release */ = {
			isa = XCBuildConfiguration;
			buildSettings = {
				ASSETCATALOG_COMPILER_APPICON_NAME = AppIcon;
				CODE_SIGN_STYLE = Automatic;
				INFOPLIST_FILE = Splits/Info.plist;
				LD_RUNPATH_SEARCH_PATHS = (
					"$(inherited)",
					"@executable_path/Frameworks",
				);
				PRODUCT_BUNDLE_IDENTIFIER = com.ipi.Splits;
				PRODUCT_NAME = "$(TARGET_NAME)";
				SWIFT_VERSION = 4.0;
				TARGETED_DEVICE_FAMILY = "1,2";
			};
			name = Release;
		};
/* End XCBuildConfiguration section */

/* Begin XCConfigurationList section */
		3281642B213674D400E28732 /* Build configuration list for PBXProject "Splits" */ = {
			isa = XCConfigurationList;
			buildConfigurations = (
				32816442213674D500E28732 /* Debug */,
				32816443213674D500E28732 /* Release */,
			);
			defaultConfigurationIsVisible = 0;
			defaultConfigurationName = Release;
		};
		32816444213674D500E28732 /* Build configuration list for PBXNativeTarget "Splits" */ = {
			isa = XCConfigurationList;
			buildConfigurations = (
				32816445213674D500E28732 /* Debug */,
				32816446213674D500E28732 /* Release */,
			);
			defaultConfigurationIsVisible = 0;
			defaultConfigurationName = Release;
		};
/* End XCConfigurationList section */
	};
	rootObject = 32816428213674D400E28732 /* Project object */;
}
